// !$*UTF8*$!
{
	archiveVersion = 1;
	classes = {
	};
	objectVersion = 46;
	objects = {

/* Begin PBXBuildFile section */
		C4A3DB5D55A0E7BF36991E5B /* Pods_Movies.framework in Frameworks */ = {isa = PBXBuildFile; fileRef = BC2002E92013054158BFF787 /* Pods_Movies.framework */; };
		CB8D62931EF43946006F9BC2 /* MenuTableViewController.swift in Sources */ = {isa = PBXBuildFile; fileRef = CB8D62921EF43946006F9BC2 /* MenuTableViewController.swift */; };
		CB8D62951EF43EBF006F9BC2 /* MenuTableViewCell.swift in Sources */ = {isa = PBXBuildFile; fileRef = CB8D62941EF43EBF006F9BC2 /* MenuTableViewCell.swift */; };
		CBA2908B1EF27324001912F7 /* AppDelegate.swift in Sources */ = {isa = PBXBuildFile; fileRef = CBA2908A1EF27324001912F7 /* AppDelegate.swift */; };
		CBA290901EF27324001912F7 /* Main.storyboard in Resources */ = {isa = PBXBuildFile; fileRef = CBA2908E1EF27324001912F7 /* Main.storyboard */; };
		CBA290921EF27324001912F7 /* Assets.xcassets in Resources */ = {isa = PBXBuildFile; fileRef = CBA290911EF27324001912F7 /* Assets.xcassets */; };
		CBA290951EF27324001912F7 /* LaunchScreen.storyboard in Resources */ = {isa = PBXBuildFile; fileRef = CBA290931EF27324001912F7 /* LaunchScreen.storyboard */; };
		CBA290A01EF27937001912F7 /* LaunchScreenViewController.swift in Sources */ = {isa = PBXBuildFile; fileRef = CBA2909F1EF27937001912F7 /* LaunchScreenViewController.swift */; };
		CBA290A31EF27E22001912F7 /* iosLogo.png in Resources */ = {isa = PBXBuildFile; fileRef = CBA290A21EF27E22001912F7 /* iosLogo.png */; };
		CBCA71A21EF2894500AEF294 /* HomeViewController.swift in Sources */ = {isa = PBXBuildFile; fileRef = CBCA71A11EF2894500AEF294 /* HomeViewController.swift */; };
		CBCA71A41EF2973400AEF294 /* arthur.jpg in Resources */ = {isa = PBXBuildFile; fileRef = CBCA71A31EF2973400AEF294 /* arthur.jpg */; };
		CBCA71AA1EF2C9ED00AEF294 /* MovieCollectionViewCell.swift in Sources */ = {isa = PBXBuildFile; fileRef = CBCA71A91EF2C9ED00AEF294 /* MovieCollectionViewCell.swift */; };
		CBCA71AC1EF2C9FA00AEF294 /* TVCollectionViewCell.swift in Sources */ = {isa = PBXBuildFile; fileRef = CBCA71AB1EF2C9FA00AEF294 /* TVCollectionViewCell.swift */; };
		CBCA71AF1EF2ECF600AEF294 /* MovieViewController.swift in Sources */ = {isa = PBXBuildFile; fileRef = CBCA71AE1EF2ECF600AEF294 /* MovieViewController.swift */; };
/* End PBXBuildFile section */

/* Begin PBXFileReference section */
		BC2002E92013054158BFF787 /* Pods_Movies.framework */ = {isa = PBXFileReference; explicitFileType = wrapper.framework; includeInIndex = 0; path = Pods_Movies.framework; sourceTree = BUILT_PRODUCTS_DIR; };
		C39C9C962A525E87D8A4CEF9 /* Pods-Movies.release.xcconfig */ = {isa = PBXFileReference; includeInIndex = 1; lastKnownFileType = text.xcconfig; name = "Pods-Movies.release.xcconfig"; path = "Pods/Target Support Files/Pods-Movies/Pods-Movies.release.xcconfig"; sourceTree = "<group>"; };
		CB8D62921EF43946006F9BC2 /* MenuTableViewController.swift */ = {isa = PBXFileReference; fileEncoding = 4; lastKnownFileType = sourcecode.swift; path = MenuTableViewController.swift; sourceTree = "<group>"; };
		CB8D62941EF43EBF006F9BC2 /* MenuTableViewCell.swift */ = {isa = PBXFileReference; fileEncoding = 4; lastKnownFileType = sourcecode.swift; path = MenuTableViewCell.swift; sourceTree = "<group>"; };
		CBA290871EF27324001912F7 /* Movies.app */ = {isa = PBXFileReference; explicitFileType = wrapper.application; includeInIndex = 0; path = Movies.app; sourceTree = BUILT_PRODUCTS_DIR; };
		CBA2908A1EF27324001912F7 /* AppDelegate.swift */ = {isa = PBXFileReference; lastKnownFileType = sourcecode.swift; path = AppDelegate.swift; sourceTree = "<group>"; };
		CBA2908F1EF27324001912F7 /* Base */ = {isa = PBXFileReference; lastKnownFileType = file.storyboard; name = Base; path = Base.lproj/Main.storyboard; sourceTree = "<group>"; };
		CBA290911EF27324001912F7 /* Assets.xcassets */ = {isa = PBXFileReference; lastKnownFileType = folder.assetcatalog; path = Assets.xcassets; sourceTree = "<group>"; };
		CBA290941EF27324001912F7 /* Base */ = {isa = PBXFileReference; lastKnownFileType = file.storyboard; name = Base; path = Base.lproj/LaunchScreen.storyboard; sourceTree = "<group>"; };
		CBA290961EF27324001912F7 /* Info.plist */ = {isa = PBXFileReference; lastKnownFileType = text.plist.xml; path = Info.plist; sourceTree = "<group>"; };
		CBA2909F1EF27937001912F7 /* LaunchScreenViewController.swift */ = {isa = PBXFileReference; fileEncoding = 4; lastKnownFileType = sourcecode.swift; path = LaunchScreenViewController.swift; sourceTree = "<group>"; };
		CBA290A21EF27E22001912F7 /* iosLogo.png */ = {isa = PBXFileReference; lastKnownFileType = image.png; name = iosLogo.png; path = Image/iosLogo.png; sourceTree = "<group>"; };
		CBCA71A11EF2894500AEF294 /* HomeViewController.swift */ = {isa = PBXFileReference; fileEncoding = 4; lastKnownFileType = sourcecode.swift; path = HomeViewController.swift; sourceTree = "<group>"; };
		CBCA71A31EF2973400AEF294 /* arthur.jpg */ = {isa = PBXFileReference; lastKnownFileType = image.jpeg; name = arthur.jpg; path = Image/arthur.jpg; sourceTree = "<group>"; };
		CBCA71A91EF2C9ED00AEF294 /* MovieCollectionViewCell.swift */ = {isa = PBXFileReference; fileEncoding = 4; lastKnownFileType = sourcecode.swift; path = MovieCollectionViewCell.swift; sourceTree = "<group>"; };
		CBCA71AB1EF2C9FA00AEF294 /* TVCollectionViewCell.swift */ = {isa = PBXFileReference; fileEncoding = 4; lastKnownFileType = sourcecode.swift; path = TVCollectionViewCell.swift; sourceTree = "<group>"; };
		CBCA71AE1EF2ECF600AEF294 /* MovieViewController.swift */ = {isa = PBXFileReference; fileEncoding = 4; lastKnownFileType = sourcecode.swift; path = MovieViewController.swift; sourceTree = "<group>"; };
		DA91CF22A3567B79E0ABBAA4 /* Pods-Movies.debug.xcconfig */ = {isa = PBXFileReference; includeInIndex = 1; lastKnownFileType = text.xcconfig; name = "Pods-Movies.debug.xcconfig"; path = "Pods/Target Support Files/Pods-Movies/Pods-Movies.debug.xcconfig"; sourceTree = "<group>"; };
/* End PBXFileReference section */

/* Begin PBXFrameworksBuildPhase section */
		CBA290841EF27324001912F7 /* Frameworks */ = {
			isa = PBXFrameworksBuildPhase;
			buildActionMask = 2147483647;
			files = (
				C4A3DB5D55A0E7BF36991E5B /* Pods_Movies.framework in Frameworks */,
			);
			runOnlyForDeploymentPostprocessing = 0;
		};
/* End PBXFrameworksBuildPhase section */

/* Begin PBXGroup section */
		11DDD8EC8211A4F609630F93 /* Pods */ = {
			isa = PBXGroup;
			children = (
				DA91CF22A3567B79E0ABBAA4 /* Pods-Movies.debug.xcconfig */,
				C39C9C962A525E87D8A4CEF9 /* Pods-Movies.release.xcconfig */,
			);
			name = Pods;
			sourceTree = "<group>";
		};
		50051CE97C4410CF6787C7FA /* Frameworks */ = {
			isa = PBXGroup;
			children = (
				BC2002E92013054158BFF787 /* Pods_Movies.framework */,
			);
			name = Frameworks;
			sourceTree = "<group>";
		};
		CB8D62911EF43913006F9BC2 /* Menu */ = {
			isa = PBXGroup;
			children = (
				CB8D62921EF43946006F9BC2 /* MenuTableViewController.swift */,
				CB8D62941EF43EBF006F9BC2 /* MenuTableViewCell.swift */,
			);
			name = Menu;
			sourceTree = "<group>";
		};
		CBA2907E1EF27324001912F7 = {
			isa = PBXGroup;
			children = (
				CBA290891EF27324001912F7 /* Movies */,
				CBA290881EF27324001912F7 /* Products */,
				11DDD8EC8211A4F609630F93 /* Pods */,
				50051CE97C4410CF6787C7FA /* Frameworks */,
			);
			sourceTree = "<group>";
		};
		CBA290881EF27324001912F7 /* Products */ = {
			isa = PBXGroup;
			children = (
				CBA290871EF27324001912F7 /* Movies.app */,
			);
			name = Products;
			sourceTree = "<group>";
		};
		CBA290891EF27324001912F7 /* Movies */ = {
			isa = PBXGroup;
			children = (
				CBA2908A1EF27324001912F7 /* AppDelegate.swift */,
				CBCA71A01EF2893300AEF294 /* Home */,
				CBA290A11EF27BF9001912F7 /* Image */,
				CBA2909E1EF27920001912F7 /* LaunchScreen */,
				CB8D62911EF43913006F9BC2 /* Menu */,
				CBCA71AD1EF2ECD700AEF294 /* Movie */,
				CBA2909C1EF274B7001912F7 /* Storyboard */,
				CBA2909D1EF274C9001912F7 /* Xcode */,
			);
			path = Movies;
			sourceTree = "<group>";
		};
		CBA2909C1EF274B7001912F7 /* Storyboard */ = {
			isa = PBXGroup;
			children = (
				CBA290931EF27324001912F7 /* LaunchScreen.storyboard */,
				CBA2908E1EF27324001912F7 /* Main.storyboard */,
			);
			name = Storyboard;
			sourceTree = "<group>";
		};
		CBA2909D1EF274C9001912F7 /* Xcode */ = {
			isa = PBXGroup;
			children = (
				CBA290911EF27324001912F7 /* Assets.xcassets */,
				CBA290961EF27324001912F7 /* Info.plist */,
			);
			name = Xcode;
			sourceTree = "<group>";
		};
		CBA2909E1EF27920001912F7 /* LaunchScreen */ = {
			isa = PBXGroup;
			children = (
				CBA2909F1EF27937001912F7 /* LaunchScreenViewController.swift */,
			);
			name = LaunchScreen;
			sourceTree = "<group>";
		};
		CBA290A11EF27BF9001912F7 /* Image */ = {
			isa = PBXGroup;
			children = (
				CBCA71A31EF2973400AEF294 /* arthur.jpg */,
				CBA290A21EF27E22001912F7 /* iosLogo.png */,
			);
			name = Image;
			sourceTree = "<group>";
		};
		CBCA71A01EF2893300AEF294 /* Home */ = {
			isa = PBXGroup;
			children = (
				CBCA71A91EF2C9ED00AEF294 /* MovieCollectionViewCell.swift */,
				CBCA71A11EF2894500AEF294 /* HomeViewController.swift */,
				CBCA71AB1EF2C9FA00AEF294 /* TVCollectionViewCell.swift */,
			);
			name = Home;
			sourceTree = "<group>";
		};
		CBCA71AD1EF2ECD700AEF294 /* Movie */ = {
			isa = PBXGroup;
			children = (
				CBCA71AE1EF2ECF600AEF294 /* MovieViewController.swift */,
			);
			name = Movie;
			sourceTree = "<group>";
		};
/* End PBXGroup section */

/* Begin PBXNativeTarget section */
		CBA290861EF27324001912F7 /* Movies */ = {
			isa = PBXNativeTarget;
			buildConfigurationList = CBA290991EF27324001912F7 /* Build configuration list for PBXNativeTarget "Movies" */;
			buildPhases = (
				3657C18D204E2F0EBA7E3E22 /* [CP] Check Pods Manifest.lock */,
				CBA290831EF27324001912F7 /* Sources */,
				CBA290841EF27324001912F7 /* Frameworks */,
				CBA290851EF27324001912F7 /* Resources */,
				D658DFB2772696B93955C3BC /* [CP] Embed Pods Frameworks */,
				0E11D084C628DAAA809E892D /* [CP] Copy Pods Resources */,
			);
			buildRules = (
			);
			dependencies = (
			);
			name = Movies;
			productName = Movies;
			productReference = CBA290871EF27324001912F7 /* Movies.app */;
			productType = "com.apple.product-type.application";
		};
/* End PBXNativeTarget section */

/* Begin PBXProject section */
		CBA2907F1EF27324001912F7 /* Project object */ = {
			isa = PBXProject;
			attributes = {
				LastSwiftUpdateCheck = 0810;
				LastUpgradeCheck = 0810;
				ORGANIZATIONNAME = Khalis;
				TargetAttributes = {
					CBA290861EF27324001912F7 = {
						CreatedOnToolsVersion = 8.1;
						ProvisioningStyle = Automatic;
					};
				};
			};
			buildConfigurationList = CBA290821EF27324001912F7 /* Build configuration list for PBXProject "Movies" */;
			compatibilityVersion = "Xcode 3.2";
			developmentRegion = English;
			hasScannedForEncodings = 0;
			knownRegions = (
				en,
				Base,
			);
			mainGroup = CBA2907E1EF27324001912F7;
			productRefGroup = CBA290881EF27324001912F7 /* Products */;
			projectDirPath = "";
			projectRoot = "";
			targets = (
				CBA290861EF27324001912F7 /* Movies */,
			);
		};
/* End PBXProject section */

/* Begin PBXResourcesBuildPhase section */
		CBA290851EF27324001912F7 /* Resources */ = {
			isa = PBXResourcesBuildPhase;
			buildActionMask = 2147483647;
			files = (
				CBCA71A41EF2973400AEF294 /* arthur.jpg in Resources */,
				CBA290951EF27324001912F7 /* LaunchScreen.storyboard in Resources */,
				CBA290921EF27324001912F7 /* Assets.xcassets in Resources */,
				CBA290A31EF27E22001912F7 /* iosLogo.png in Resources */,
				CBA290901EF27324001912F7 /* Main.storyboard in Resources */,
			);
			runOnlyForDeploymentPostprocessing = 0;
		};
/* End PBXResourcesBuildPhase section */

/* Begin PBXShellScriptBuildPhase section */
		0E11D084C628DAAA809E892D /* [CP] Copy Pods Resources */ = {
			isa = PBXShellScriptBuildPhase;
			buildActionMask = 2147483647;
			files = (
			);
			inputPaths = (
			);
			name = "[CP] Copy Pods Resources";
			outputPaths = (
			);
			runOnlyForDeploymentPostprocessing = 0;
			shellPath = /bin/sh;
			shellScript = "\"${SRCROOT}/Pods/Target Support Files/Pods-Movies/Pods-Movies-resources.sh\"\n";
			showEnvVarsInLog = 0;
		};
		3657C18D204E2F0EBA7E3E22 /* [CP] Check Pods Manifest.lock */ = {
			isa = PBXShellScriptBuildPhase;
			buildActionMask = 2147483647;
			files = (
			);
			inputPaths = (
			);
			name = "[CP] Check Pods Manifest.lock";
			outputPaths = (
			);
			runOnlyForDeploymentPostprocessing = 0;
			shellPath = /bin/sh;
			shellScript = "diff \"${PODS_ROOT}/../Podfile.lock\" \"${PODS_ROOT}/Manifest.lock\" > /dev/null\nif [ $? != 0 ] ; then\n    # print error to STDERR\n    echo \"error: The sandbox is not in sync with the Podfile.lock. Run 'pod install' or update your CocoaPods installation.\" >&2\n    exit 1\nfi\n";
			showEnvVarsInLog = 0;
		};
		D658DFB2772696B93955C3BC /* [CP] Embed Pods Frameworks */ = {
			isa = PBXShellScriptBuildPhase;
			buildActionMask = 2147483647;
			files = (
			);
			inputPaths = (
			);
			name = "[CP] Embed Pods Frameworks";
			outputPaths = (
			);
			runOnlyForDeploymentPostprocessing = 0;
			shellPath = /bin/sh;
			shellScript = "\"${SRCROOT}/Pods/Target Support Files/Pods-Movies/Pods-Movies-frameworks.sh\"\n";
			showEnvVarsInLog = 0;
		};
/* End PBXShellScriptBuildPhase section */

/* Begin PBXSourcesBuildPhase section */
		CBA290831EF27324001912F7 /* Sources */ = {
			isa = PBXSourcesBuildPhase;
			buildActionMask = 2147483647;
			files = (
				CBA290A01EF27937001912F7 /* LaunchScreenViewController.swift in Sources */,
				CB8D62931EF43946006F9BC2 /* MenuTableViewController.swift in Sources */,
				CB8D62951EF43EBF006F9BC2 /* MenuTableViewCell.swift in Sources */,
				CBA2908B1EF27324001912F7 /* AppDelegate.swift in Sources */,
				CBCA71A21EF2894500AEF294 /* HomeViewController.swift in Sources */,
				CBCA71AA1EF2C9ED00AEF294 /* MovieCollectionViewCell.swift in Sources */,
				CBCA71AC1EF2C9FA00AEF294 /* TVCollectionViewCell.swift in Sources */,
				CBCA71AF1EF2ECF600AEF294 /* MovieViewController.swift in Sources */,
			);
			runOnlyForDeploymentPostprocessing = 0;
		};
/* End PBXSourcesBuildPhase section */

/* Begin PBXVariantGroup section */
		CBA2908E1EF27324001912F7 /* Main.storyboard */ = {
			isa = PBXVariantGroup;
			children = (
				CBA2908F1EF27324001912F7 /* Base */,
			);
			name = Main.storyboard;
			sourceTree = "<group>";
		};
		CBA290931EF27324001912F7 /* LaunchScreen.storyboard */ = {
			isa = PBXVariantGroup;
			children = (
				CBA290941EF27324001912F7 /* Base */,
			);
			name = LaunchScreen.storyboard;
			sourceTree = "<group>";
		};
/* End PBXVariantGroup section */

/* Begin XCBuildConfiguration section */
		CBA290971EF27324001912F7 /* Debug */ = {
			isa = XCBuildConfiguration;
			buildSettings = {
				ALWAYS_SEARCH_USER_PATHS = NO;
				CLANG_ANALYZER_NONNULL = YES;
				CLANG_CXX_LANGUAGE_STANDARD = "gnu++0x";
				CLANG_CXX_LIBRARY = "libc++";
				CLANG_ENABLE_MODULES = YES;
				CLANG_ENABLE_OBJC_ARC = YES;
				CLANG_WARN_BOOL_CONVERSION = YES;
				CLANG_WARN_CONSTANT_CONVERSION = YES;
				CLANG_WARN_DIRECT_OBJC_ISA_USAGE = YES_ERROR;
				CLANG_WARN_DOCUMENTATION_COMMENTS = YES;
				CLANG_WARN_EMPTY_BODY = YES;
				CLANG_WARN_ENUM_CONVERSION = YES;
				CLANG_WARN_INFINITE_RECURSION = YES;
				CLANG_WARN_INT_CONVERSION = YES;
				CLANG_WARN_OBJC_ROOT_CLASS = YES_ERROR;
				CLANG_WARN_SUSPICIOUS_MOVES = YES;
				CLANG_WARN_UNREACHABLE_CODE = YES;
				CLANG_WARN__DUPLICATE_METHOD_MATCH = YES;
				"CODE_SIGN_IDENTITY[sdk=iphoneos*]" = "iPhone Developer";
				COPY_PHASE_STRIP = NO;
				DEBUG_INFORMATION_FORMAT = dwarf;
				ENABLE_STRICT_OBJC_MSGSEND = YES;
				ENABLE_TESTABILITY = YES;
				GCC_C_LANGUAGE_STANDARD = gnu99;
				GCC_DYNAMIC_NO_PIC = NO;
				GCC_NO_COMMON_BLOCKS = YES;
				GCC_OPTIMIZATION_LEVEL = 0;
				GCC_PREPROCESSOR_DEFINITIONS = (
					"DEBUG=1",
					"$(inherited)",
				);
				GCC_WARN_64_TO_32_BIT_CONVERSION = YES;
				GCC_WARN_ABOUT_RETURN_TYPE = YES_ERROR;
				GCC_WARN_UNDECLARED_SELECTOR = YES;
				GCC_WARN_UNINITIALIZED_AUTOS = YES_AGGRESSIVE;
				GCC_WARN_UNUSED_FUNCTION = YES;
				GCC_WARN_UNUSED_VARIABLE = YES;
				IPHONEOS_DEPLOYMENT_TARGET = 10.1;
				MTL_ENABLE_DEBUG_INFO = YES;
				ONLY_ACTIVE_ARCH = YES;
				SDKROOT = iphoneos;
				SWIFT_ACTIVE_COMPILATION_CONDITIONS = DEBUG;
				SWIFT_OPTIMIZATION_LEVEL = "-Onone";
			};
			name = Debug;
		};
		CBA290981EF27324001912F7 /* Release */ = {
			isa = XCBuildConfiguration;
			buildSettings = {
				ALWAYS_SEARCH_USER_PATHS = NO;
				CLANG_ANALYZER_NONNULL = YES;
				CLANG_CXX_LANGUAGE_STANDARD = "gnu++0x";
				CLANG_CXX_LIBRARY = "libc++";
				CLANG_ENABLE_MODULES = YES;
				CLANG_ENABLE_OBJC_ARC = YES;
				CLANG_WARN_BOOL_CONVERSION = YES;
				CLANG_WARN_CONSTANT_CONVERSION = YES;
				CLANG_WARN_DIRECT_OBJC_ISA_USAGE = YES_ERROR;
				CLANG_WARN_DOCUMENTATION_COMMENTS = YES;
				CLANG_WARN_EMPTY_BODY = YES;
				CLANG_WARN_ENUM_CONVERSION = YES;
				CLANG_WARN_INFINITE_RECURSION = YES;
				CLANG_WARN_INT_CONVERSION = YES;
				CLANG_WARN_OBJC_ROOT_CLASS = YES_ERROR;
				CLANG_WARN_SUSPICIOUS_MOVES = YES;
				CLANG_WARN_UNREACHABLE_CODE = YES;
				CLANG_WARN__DUPLICATE_METHOD_MATCH = YES;
				"CODE_SIGN_IDENTITY[sdk=iphoneos*]" = "iPhone Developer";
				COPY_PHASE_STRIP = NO;
				DEBUG_INFORMATION_FORMAT = "dwarf-with-dsym";
				ENABLE_NS_ASSERTIONS = NO;
				ENABLE_STRICT_OBJC_MSGSEND = YES;
				GCC_C_LANGUAGE_STANDARD = gnu99;
				GCC_NO_COMMON_BLOCKS = YES;
				GCC_WARN_64_TO_32_BIT_CONVERSION = YES;
				GCC_WARN_ABOUT_RETURN_TYPE = YES_ERROR;
				GCC_WARN_UNDECLARED_SELECTOR = YES;
				GCC_WARN_UNINITIALIZED_AUTOS = YES_AGGRESSIVE;
				GCC_WARN_UNUSED_FUNCTION = YES;
				GCC_WARN_UNUSED_VARIABLE = YES;
				IPHONEOS_DEPLOYMENT_TARGET = 10.1;
				MTL_ENABLE_DEBUG_INFO = NO;
				SDKROOT = iphoneos;
				SWIFT_OPTIMIZATION_LEVEL = "-Owholemodule";
				VALIDATE_PRODUCT = YES;
			};
			name = Release;
		};
		CBA2909A1EF27324001912F7 /* Debug */ = {
			isa = XCBuildConfiguration;
			baseConfigurationReference = DA91CF22A3567B79E0ABBAA4 /* Pods-Movies.debug.xcconfig */;
			buildSettings = {
				ASSETCATALOG_COMPILER_APPICON_NAME = AppIcon;
				INFOPLIST_FILE = Movies/Info.plist;
				LD_RUNPATH_SEARCH_PATHS = "$(inherited) @executable_path/Frameworks";
				PRODUCT_BUNDLE_IDENTIFIER = khalis.Movies;
				PRODUCT_NAME = "$(TARGET_NAME)";
				SWIFT_VERSION = 3.0;
			};
			name = Debug;
		};
		CBA2909B1EF27324001912F7 /* Release */ = {
			isa = XCBuildConfiguration;
			baseConfigurationReference = C39C9C962A525E87D8A4CEF9 /* Pods-Movies.release.xcconfig */;
			buildSettings = {
				ASSETCATALOG_COMPILER_APPICON_NAME = AppIcon;
				INFOPLIST_FILE = Movies/Info.plist;
				LD_RUNPATH_SEARCH_PATHS = "$(inherited) @executable_path/Frameworks";
				PRODUCT_BUNDLE_IDENTIFIER = khalis.Movies;
				PRODUCT_NAME = "$(TARGET_NAME)";
				SWIFT_VERSION = 3.0;
			};
			name = Release;
		};
/* End XCBuildConfiguration section */

/* Begin XCConfigurationList section */
		CBA290821EF27324001912F7 /* Build configuration list for PBXProject "Movies" */ = {
			isa = XCConfigurationList;
			buildConfigurations = (
				CBA290971EF27324001912F7 /* Debug */,
				CBA290981EF27324001912F7 /* Release */,
			);
			defaultConfigurationIsVisible = 0;
			defaultConfigurationName = Release;
		};
		CBA290991EF27324001912F7 /* Build configuration list for PBXNativeTarget "Movies" */ = {
			isa = XCConfigurationList;
			buildConfigurations = (
				CBA2909A1EF27324001912F7 /* Debug */,
				CBA2909B1EF27324001912F7 /* Release */,
			);
			defaultConfigurationIsVisible = 0;
			defaultConfigurationName = Release;
		};
/* End XCConfigurationList section */
	};
	rootObject = CBA2907F1EF27324001912F7 /* Project object */;
}
